
Microsoft Visual Studio Solution File, Format Version 12.00
Project("{FAE04EC0-301F-11D3-BF4B-00C04F79EFBC}") = "Delivery", "Delivery\Delivery.csproj", "{7E8A553E-99F8-4923-B459-506EF1CE074C}"
EndProject
Project("{FAE04EC0-301F-11D3-BF4B-00C04F79EFBC}") = "Delivery.Entity", "Delivery.Entity\Delivery.Entity.csproj", "{0B78D079-145D-4451-8203-88D863413EBA}"
EndProject
Project("{2150E333-8FDC-42A3-9474-1A3956D46DE8}") = "CustomerService", "CustomerService", "{50B7F041-B907-4FEA-B0DF-6845D0E06648}"
EndProject
Project("{2150E333-8FDC-42A3-9474-1A3956D46DE8}") = "CourierService", "CourierService", "{B1E2C939-A120-4833-97E9-DF821D857C23}"
EndProject
Project("{2150E333-8FDC-42A3-9474-1A3956D46DE8}") = "SupplierService", "SupplierService", "{67477831-AFD5-4939-B0A8-C320CAFBB515}"
EndProject
Project("{2150E333-8FDC-42A3-9474-1A3956D46DE8}") = "OrderService", "OrderService", "{3B3C8F3A-DA15-49F0-B14E-5237AFBB6645}"
EndProject
Project("{2150E333-8FDC-42A3-9474-1A3956D46DE8}") = "OrderHistoryService", "OrderHistoryService", "{8C0E94B5-04FA-43BC-9E3F-234391A37F72}"
EndProject
Project("{2150E333-8FDC-42A3-9474-1A3956D46DE8}") = "DeliveryService", "DeliveryService", "{544ED999-AE22-4E4A-BDA2-515CDF068079}"
EndProject
Project("{2150E333-8FDC-42A3-9474-1A3956D46DE8}") = "RaitingService", "RaitingService", "{AFC32317-DA21-48ED-BF46-1A99F2AC1032}"
EndProject
Project("{2150E333-8FDC-42A3-9474-1A3956D46DE8}") = "AdministratorService", "AdministratorService", "{2C673C12-0887-4E0A-98AD-BDF127C71AB4}"
EndProject
Project("{FAE04EC0-301F-11D3-BF4B-00C04F79EFBC}") = "CustomerService.Domain", "CustomerService.Domain\CustomerService.Domain.csproj", "{2A8733F1-40AA-41F8-9390-9D53E75FBED1}"
EndProject
Project("{FAE04EC0-301F-11D3-BF4B-00C04F79EFBC}") = "CustomerService.Infrastructure", "CustomerService.Infrastructure\CustomerService.Infrastructure.csproj", "{3F01985E-B5EC-4676-9F07-19B47E2FF5ED}"
EndProject
Project("{FAE04EC0-301F-11D3-BF4B-00C04F79EFBC}") = "CustomerService.Application", "CustomerService.Application\CustomerService.Application.csproj", "{AFD216B1-BDCF-4DBD-8DD7-6D6D11806EB2}"
EndProject
Project("{FAE04EC0-301F-11D3-BF4B-00C04F79EFBC}") = "CustomerService.API", "CustomerService.API\CustomerService.API.csproj", "{E4112BCA-D846-4985-B2B7-A4DAB9C5FE5F}"
EndProject
Project("{FAE04EC0-301F-11D3-BF4B-00C04F79EFBC}") = "CourierService.API", "CourierService.API\CourierService.API.csproj", "{C738A4F7-760A-4119-A305-16B7195275D5}"
EndProject
Project("{FAE04EC0-301F-11D3-BF4B-00C04F79EFBC}") = "CourierService.Domain", "CourierService.Domain\CourierService.Domain.csproj", "{6AD446DE-C6D6-48D9-8591-5A5D30A537DA}"
EndProject
Project("{FAE04EC0-301F-11D3-BF4B-00C04F79EFBC}") = "CourierService.Infrastructure", "CourierService.Infrastructure\CourierService.Infrastructure.csproj", "{BFFEA567-9D7E-4AB1-BFD6-37410BB3F03C}"
EndProject
Project("{FAE04EC0-301F-11D3-BF4B-00C04F79EFBC}") = "CourierService.Application", "CourierService.Application\CourierService.Application.csproj", "{6AF36CD4-FADA-4494-B4F8-DFC14F654C96}"
EndProject
Project("{FAE04EC0-301F-11D3-BF4B-00C04F79EFBC}") = "AdministratorService.Domain", "AdministratorService.Domain\AdministratorService.Domain.csproj", "{8DF23659-1A5E-40F0-96C9-63A463892660}"
EndProject
Project("{FAE04EC0-301F-11D3-BF4B-00C04F79EFBC}") = "AdministratorService.Infrastructure", "AdministratorService.Infrastructure\AdministratorService.Infrastructure.csproj", "{C5EB2057-55A2-40CB-9193-93289884C3DF}"
EndProject
Project("{FAE04EC0-301F-11D3-BF4B-00C04F79EFBC}") = "AdministratorService.Application", "AdministratorService.Application\AdministratorService.Application.csproj", "{F50792D1-1792-4AC2-B19F-160BC7E4B788}"
EndProject
Project("{FAE04EC0-301F-11D3-BF4B-00C04F79EFBC}") = "AdministratorService.API", "AdministratorService.API\AdministratorService.API.csproj", "{30FD78E6-C740-4E27-BA19-2D4C4991AD52}"
EndProject
Project("{FAE04EC0-301F-11D3-BF4B-00C04F79EFBC}") = "DeliveryService.API", "DeliveryService.API\DeliveryService.API.csproj", "{0B3C6E63-4294-43C3-8C22-C52FF10D2799}"
EndProject
Project("{FAE04EC0-301F-11D3-BF4B-00C04F79EFBC}") = "DeliveryService.Domain", "DeliveryService.Domain\DeliveryService.Domain.csproj", "{4AB1D347-7BF6-4F4F-9372-BC7D71932B9A}"
EndProject
Project("{FAE04EC0-301F-11D3-BF4B-00C04F79EFBC}") = "DeliveryService.Infrastructure", "DeliveryService.Infrastructure\DeliveryService.Infrastructure.csproj", "{5E544088-7189-434D-8860-453EB0CF05C9}"
EndProject
Project("{FAE04EC0-301F-11D3-BF4B-00C04F79EFBC}") = "DeliveryService.Application", "DeliveryService.Application\DeliveryService.Application.csproj", "{6E563E46-0D57-4682-BB47-A8EF16A35DE4}"
EndProject
Project("{FAE04EC0-301F-11D3-BF4B-00C04F79EFBC}") = "OrderHistoryService.Domain", "OrderHistoryService.Domain\OrderHistoryService.Domain.csproj", "{44A341F2-3EBA-4F1A-BC49-D7AD2724707B}"
EndProject
Project("{FAE04EC0-301F-11D3-BF4B-00C04F79EFBC}") = "OrderHistoryService.Infrastructure", "OrderHistoryService.Infrastructure\OrderHistoryService.Infrastructure.csproj", "{11ADCCCF-0F94-4CBF-AC11-19B6AAF461DA}"
EndProject
Project("{FAE04EC0-301F-11D3-BF4B-00C04F79EFBC}") = "OrderHistoryService.Application", "OrderHistoryService.Application\OrderHistoryService.Application.csproj", "{12F89ECF-76A4-4F7D-A8E0-B07526AE491F}"
EndProject
Project("{FAE04EC0-301F-11D3-BF4B-00C04F79EFBC}") = "OrderService.API", "OrderService.API\OrderService.API.csproj", "{A22C2278-97FB-43C2-9EEE-754CF094FD93}"
EndProject
Project("{FAE04EC0-301F-11D3-BF4B-00C04F79EFBC}") = "OrderHistoryService.API", "OrderHistoryService.API\OrderHistoryService.API.csproj", "{F9490F3A-661C-4243-A581-668DF27B6FAC}"
EndProject
Project("{FAE04EC0-301F-11D3-BF4B-00C04F79EFBC}") = "OrderService.Domain", "OrderService.Domain\OrderService.Domain.csproj", "{AC7CF437-F416-44F0-9572-EB6349A103D6}"
EndProject
Project("{FAE04EC0-301F-11D3-BF4B-00C04F79EFBC}") = "OrderService.Infrastructure", "OrderService.Infrastructure\OrderService.Infrastructure.csproj", "{2AD88B5D-D9A3-45A3-9F9A-D6126EC31BDB}"
EndProject
Project("{FAE04EC0-301F-11D3-BF4B-00C04F79EFBC}") = "OrderService.Application", "OrderService.Application\OrderService.Application.csproj", "{42288326-A7D7-4223-B334-FE1390C9C3C6}"
EndProject
Project("{FAE04EC0-301F-11D3-BF4B-00C04F79EFBC}") = "RaitingService.Domain", "RaitingService.Domain\RaitingService.Domain.csproj", "{50481B22-B321-4C89-9F6F-056FAC821088}"
EndProject
Project("{FAE04EC0-301F-11D3-BF4B-00C04F79EFBC}") = "RaitingService.Infrastructure", "RaitingService.Infrastructure\RaitingService.Infrastructure.csproj", "{87F18938-A1E1-422A-9479-1174498B224C}"
EndProject
Project("{FAE04EC0-301F-11D3-BF4B-00C04F79EFBC}") = "RaitingService.Application", "RaitingService.Application\RaitingService.Application.csproj", "{9D9E7E44-C8D2-4442-8D39-60129B1D77AA}"
EndProject
Project("{FAE04EC0-301F-11D3-BF4B-00C04F79EFBC}") = "RaitingService.API", "RaitingService.API\RaitingService.API.csproj", "{2E03FFEF-5CED-4B94-9D25-166905B79211}"
EndProject
Project("{FAE04EC0-301F-11D3-BF4B-00C04F79EFBC}") = "SupplierService.API", "SupplierService.API\SupplierService.API.csproj", "{F0337C29-EA05-4E56-943D-903BC71C53EE}"
EndProject
Project("{FAE04EC0-301F-11D3-BF4B-00C04F79EFBC}") = "SupplierService.Domain", "SupplierService.Domain\SupplierService.Domain.csproj", "{8DF79C56-6418-417D-82BA-EC19E116ABAF}"
EndProject
Project("{FAE04EC0-301F-11D3-BF4B-00C04F79EFBC}") = "SupplierService.Infrastructure", "SupplierService.Infrastructure\SupplierService.Infrastructure.csproj", "{6B03BC3C-7F61-46B2-B13A-C8185D342070}"
EndProject
Project("{FAE04EC0-301F-11D3-BF4B-00C04F79EFBC}") = "SupplierService.Application", "SupplierService.Application\SupplierService.Application.csproj", "{86532C42-CB83-4649-A1FD-DE99EFC12EF4}"
EndProject
Global
	GlobalSection(SolutionConfigurationPlatforms) = preSolution
		Debug|Any CPU = Debug|Any CPU
		Release|Any CPU = Release|Any CPU
	EndGlobalSection
	GlobalSection(ProjectConfigurationPlatforms) = postSolution
		{7E8A553E-99F8-4923-B459-506EF1CE074C}.Debug|Any CPU.ActiveCfg = Debug|Any CPU
		{7E8A553E-99F8-4923-B459-506EF1CE074C}.Debug|Any CPU.Build.0 = Debug|Any CPU
		{7E8A553E-99F8-4923-B459-506EF1CE074C}.Release|Any CPU.ActiveCfg = Release|Any CPU
		{7E8A553E-99F8-4923-B459-506EF1CE074C}.Release|Any CPU.Build.0 = Release|Any CPU
		{0B78D079-145D-4451-8203-88D863413EBA}.Debug|Any CPU.ActiveCfg = Debug|Any CPU
		{0B78D079-145D-4451-8203-88D863413EBA}.Debug|Any CPU.Build.0 = Debug|Any CPU
		{0B78D079-145D-4451-8203-88D863413EBA}.Release|Any CPU.ActiveCfg = Release|Any CPU
		{0B78D079-145D-4451-8203-88D863413EBA}.Release|Any CPU.Build.0 = Release|Any CPU
		{2A8733F1-40AA-41F8-9390-9D53E75FBED1}.Debug|Any CPU.ActiveCfg = Debug|Any CPU
		{2A8733F1-40AA-41F8-9390-9D53E75FBED1}.Debug|Any CPU.Build.0 = Debug|Any CPU
		{2A8733F1-40AA-41F8-9390-9D53E75FBED1}.Release|Any CPU.ActiveCfg = Release|Any CPU
		{2A8733F1-40AA-41F8-9390-9D53E75FBED1}.Release|Any CPU.Build.0 = Release|Any CPU
		{3F01985E-B5EC-4676-9F07-19B47E2FF5ED}.Debug|Any CPU.ActiveCfg = Debug|Any CPU
		{3F01985E-B5EC-4676-9F07-19B47E2FF5ED}.Debug|Any CPU.Build.0 = Debug|Any CPU
		{3F01985E-B5EC-4676-9F07-19B47E2FF5ED}.Release|Any CPU.ActiveCfg = Release|Any CPU
		{3F01985E-B5EC-4676-9F07-19B47E2FF5ED}.Release|Any CPU.Build.0 = Release|Any CPU
		{AFD216B1-BDCF-4DBD-8DD7-6D6D11806EB2}.Debug|Any CPU.ActiveCfg = Debug|Any CPU
		{AFD216B1-BDCF-4DBD-8DD7-6D6D11806EB2}.Debug|Any CPU.Build.0 = Debug|Any CPU
		{AFD216B1-BDCF-4DBD-8DD7-6D6D11806EB2}.Release|Any CPU.ActiveCfg = Release|Any CPU
		{AFD216B1-BDCF-4DBD-8DD7-6D6D11806EB2}.Release|Any CPU.Build.0 = Release|Any CPU
		{E4112BCA-D846-4985-B2B7-A4DAB9C5FE5F}.Debug|Any CPU.ActiveCfg = Debug|Any CPU
		{E4112BCA-D846-4985-B2B7-A4DAB9C5FE5F}.Debug|Any CPU.Build.0 = Debug|Any CPU
		{E4112BCA-D846-4985-B2B7-A4DAB9C5FE5F}.Release|Any CPU.ActiveCfg = Release|Any CPU
		{E4112BCA-D846-4985-B2B7-A4DAB9C5FE5F}.Release|Any CPU.Build.0 = Release|Any CPU
		{C738A4F7-760A-4119-A305-16B7195275D5}.Debug|Any CPU.ActiveCfg = Debug|Any CPU
		{C738A4F7-760A-4119-A305-16B7195275D5}.Debug|Any CPU.Build.0 = Debug|Any CPU
		{C738A4F7-760A-4119-A305-16B7195275D5}.Release|Any CPU.ActiveCfg = Release|Any CPU
		{C738A4F7-760A-4119-A305-16B7195275D5}.Release|Any CPU.Build.0 = Release|Any CPU
		{6AD446DE-C6D6-48D9-8591-5A5D30A537DA}.Debug|Any CPU.ActiveCfg = Debug|Any CPU
		{6AD446DE-C6D6-48D9-8591-5A5D30A537DA}.Debug|Any CPU.Build.0 = Debug|Any CPU
		{6AD446DE-C6D6-48D9-8591-5A5D30A537DA}.Release|Any CPU.ActiveCfg = Release|Any CPU
		{6AD446DE-C6D6-48D9-8591-5A5D30A537DA}.Release|Any CPU.Build.0 = Release|Any CPU
		{BFFEA567-9D7E-4AB1-BFD6-37410BB3F03C}.Debug|Any CPU.ActiveCfg = Debug|Any CPU
		{BFFEA567-9D7E-4AB1-BFD6-37410BB3F03C}.Debug|Any CPU.Build.0 = Debug|Any CPU
		{BFFEA567-9D7E-4AB1-BFD6-37410BB3F03C}.Release|Any CPU.ActiveCfg = Release|Any CPU
		{BFFEA567-9D7E-4AB1-BFD6-37410BB3F03C}.Release|Any CPU.Build.0 = Release|Any CPU
		{6AF36CD4-FADA-4494-B4F8-DFC14F654C96}.Debug|Any CPU.ActiveCfg = Debug|Any CPU
		{6AF36CD4-FADA-4494-B4F8-DFC14F654C96}.Debug|Any CPU.Build.0 = Debug|Any CPU
		{6AF36CD4-FADA-4494-B4F8-DFC14F654C96}.Release|Any CPU.ActiveCfg = Release|Any CPU
		{6AF36CD4-FADA-4494-B4F8-DFC14F654C96}.Release|Any CPU.Build.0 = Release|Any CPU
		{8DF23659-1A5E-40F0-96C9-63A463892660}.Debug|Any CPU.ActiveCfg = Debug|Any CPU
		{8DF23659-1A5E-40F0-96C9-63A463892660}.Debug|Any CPU.Build.0 = Debug|Any CPU
		{8DF23659-1A5E-40F0-96C9-63A463892660}.Release|Any CPU.ActiveCfg = Release|Any CPU
		{8DF23659-1A5E-40F0-96C9-63A463892660}.Release|Any CPU.Build.0 = Release|Any CPU
		{C5EB2057-55A2-40CB-9193-93289884C3DF}.Debug|Any CPU.ActiveCfg = Debug|Any CPU
		{C5EB2057-55A2-40CB-9193-93289884C3DF}.Debug|Any CPU.Build.0 = Debug|Any CPU
		{C5EB2057-55A2-40CB-9193-93289884C3DF}.Release|Any CPU.ActiveCfg = Release|Any CPU
		{C5EB2057-55A2-40CB-9193-93289884C3DF}.Release|Any CPU.Build.0 = Release|Any CPU
		{F50792D1-1792-4AC2-B19F-160BC7E4B788}.Debug|Any CPU.ActiveCfg = Debug|Any CPU
		{F50792D1-1792-4AC2-B19F-160BC7E4B788}.Debug|Any CPU.Build.0 = Debug|Any CPU
		{F50792D1-1792-4AC2-B19F-160BC7E4B788}.Release|Any CPU.ActiveCfg = Release|Any CPU
		{F50792D1-1792-4AC2-B19F-160BC7E4B788}.Release|Any CPU.Build.0 = Release|Any CPU
		{30FD78E6-C740-4E27-BA19-2D4C4991AD52}.Debug|Any CPU.ActiveCfg = Debug|Any CPU
		{30FD78E6-C740-4E27-BA19-2D4C4991AD52}.Debug|Any CPU.Build.0 = Debug|Any CPU
		{30FD78E6-C740-4E27-BA19-2D4C4991AD52}.Release|Any CPU.ActiveCfg = Release|Any CPU
		{30FD78E6-C740-4E27-BA19-2D4C4991AD52}.Release|Any CPU.Build.0 = Release|Any CPU
		{0B3C6E63-4294-43C3-8C22-C52FF10D2799}.Debug|Any CPU.ActiveCfg = Debug|Any CPU
		{0B3C6E63-4294-43C3-8C22-C52FF10D2799}.Debug|Any CPU.Build.0 = Debug|Any CPU
		{0B3C6E63-4294-43C3-8C22-C52FF10D2799}.Release|Any CPU.ActiveCfg = Release|Any CPU
		{0B3C6E63-4294-43C3-8C22-C52FF10D2799}.Release|Any CPU.Build.0 = Release|Any CPU
		{4AB1D347-7BF6-4F4F-9372-BC7D71932B9A}.Debug|Any CPU.ActiveCfg = Debug|Any CPU
		{4AB1D347-7BF6-4F4F-9372-BC7D71932B9A}.Debug|Any CPU.Build.0 = Debug|Any CPU
		{4AB1D347-7BF6-4F4F-9372-BC7D71932B9A}.Release|Any CPU.ActiveCfg = Release|Any CPU
		{4AB1D347-7BF6-4F4F-9372-BC7D71932B9A}.Release|Any CPU.Build.0 = Release|Any CPU
		{5E544088-7189-434D-8860-453EB0CF05C9}.Debug|Any CPU.ActiveCfg = Debug|Any CPU
		{5E544088-7189-434D-8860-453EB0CF05C9}.Debug|Any CPU.Build.0 = Debug|Any CPU
		{5E544088-7189-434D-8860-453EB0CF05C9}.Release|Any CPU.ActiveCfg = Release|Any CPU
		{5E544088-7189-434D-8860-453EB0CF05C9}.Release|Any CPU.Build.0 = Release|Any CPU
		{6E563E46-0D57-4682-BB47-A8EF16A35DE4}.Debug|Any CPU.ActiveCfg = Debug|Any CPU
		{6E563E46-0D57-4682-BB47-A8EF16A35DE4}.Debug|Any CPU.Build.0 = Debug|Any CPU
		{6E563E46-0D57-4682-BB47-A8EF16A35DE4}.Release|Any CPU.ActiveCfg = Release|Any CPU
		{6E563E46-0D57-4682-BB47-A8EF16A35DE4}.Release|Any CPU.Build.0 = Release|Any CPU
		{44A341F2-3EBA-4F1A-BC49-D7AD2724707B}.Debug|Any CPU.ActiveCfg = Debug|Any CPU
		{44A341F2-3EBA-4F1A-BC49-D7AD2724707B}.Debug|Any CPU.Build.0 = Debug|Any CPU
		{44A341F2-3EBA-4F1A-BC49-D7AD2724707B}.Release|Any CPU.ActiveCfg = Release|Any CPU
		{44A341F2-3EBA-4F1A-BC49-D7AD2724707B}.Release|Any CPU.Build.0 = Release|Any CPU
		{11ADCCCF-0F94-4CBF-AC11-19B6AAF461DA}.Debug|Any CPU.ActiveCfg = Debug|Any CPU
		{11ADCCCF-0F94-4CBF-AC11-19B6AAF461DA}.Debug|Any CPU.Build.0 = Debug|Any CPU
		{11ADCCCF-0F94-4CBF-AC11-19B6AAF461DA}.Release|Any CPU.ActiveCfg = Release|Any CPU
		{11ADCCCF-0F94-4CBF-AC11-19B6AAF461DA}.Release|Any CPU.Build.0 = Release|Any CPU
		{12F89ECF-76A4-4F7D-A8E0-B07526AE491F}.Debug|Any CPU.ActiveCfg = Debug|Any CPU
		{12F89ECF-76A4-4F7D-A8E0-B07526AE491F}.Debug|Any CPU.Build.0 = Debug|Any CPU
		{12F89ECF-76A4-4F7D-A8E0-B07526AE491F}.Release|Any CPU.ActiveCfg = Release|Any CPU
		{12F89ECF-76A4-4F7D-A8E0-B07526AE491F}.Release|Any CPU.Build.0 = Release|Any CPU
		{A22C2278-97FB-43C2-9EEE-754CF094FD93}.Debug|Any CPU.ActiveCfg = Debug|Any CPU
		{A22C2278-97FB-43C2-9EEE-754CF094FD93}.Debug|Any CPU.Build.0 = Debug|Any CPU
		{A22C2278-97FB-43C2-9EEE-754CF094FD93}.Release|Any CPU.ActiveCfg = Release|Any CPU
		{A22C2278-97FB-43C2-9EEE-754CF094FD93}.Release|Any CPU.Build.0 = Release|Any CPU
		{F9490F3A-661C-4243-A581-668DF27B6FAC}.Debug|Any CPU.ActiveCfg = Debug|Any CPU
		{F9490F3A-661C-4243-A581-668DF27B6FAC}.Debug|Any CPU.Build.0 = Debug|Any CPU
		{F9490F3A-661C-4243-A581-668DF27B6FAC}.Release|Any CPU.ActiveCfg = Release|Any CPU
		{F9490F3A-661C-4243-A581-668DF27B6FAC}.Release|Any CPU.Build.0 = Release|Any CPU
		{AC7CF437-F416-44F0-9572-EB6349A103D6}.Debug|Any CPU.ActiveCfg = Debug|Any CPU
		{AC7CF437-F416-44F0-9572-EB6349A103D6}.Debug|Any CPU.Build.0 = Debug|Any CPU
		{AC7CF437-F416-44F0-9572-EB6349A103D6}.Release|Any CPU.ActiveCfg = Release|Any CPU
		{AC7CF437-F416-44F0-9572-EB6349A103D6}.Release|Any CPU.Build.0 = Release|Any CPU
		{2AD88B5D-D9A3-45A3-9F9A-D6126EC31BDB}.Debug|Any CPU.ActiveCfg = Debug|Any CPU
		{2AD88B5D-D9A3-45A3-9F9A-D6126EC31BDB}.Debug|Any CPU.Build.0 = Debug|Any CPU
		{2AD88B5D-D9A3-45A3-9F9A-D6126EC31BDB}.Release|Any CPU.ActiveCfg = Release|Any CPU
		{2AD88B5D-D9A3-45A3-9F9A-D6126EC31BDB}.Release|Any CPU.Build.0 = Release|Any CPU
		{42288326-A7D7-4223-B334-FE1390C9C3C6}.Debug|Any CPU.ActiveCfg = Debug|Any CPU
		{42288326-A7D7-4223-B334-FE1390C9C3C6}.Debug|Any CPU.Build.0 = Debug|Any CPU
		{42288326-A7D7-4223-B334-FE1390C9C3C6}.Release|Any CPU.ActiveCfg = Release|Any CPU
		{42288326-A7D7-4223-B334-FE1390C9C3C6}.Release|Any CPU.Build.0 = Release|Any CPU
		{50481B22-B321-4C89-9F6F-056FAC821088}.Debug|Any CPU.ActiveCfg = Debug|Any CPU
		{50481B22-B321-4C89-9F6F-056FAC821088}.Debug|Any CPU.Build.0 = Debug|Any CPU
		{50481B22-B321-4C89-9F6F-056FAC821088}.Release|Any CPU.ActiveCfg = Release|Any CPU
		{50481B22-B321-4C89-9F6F-056FAC821088}.Release|Any CPU.Build.0 = Release|Any CPU
		{87F18938-A1E1-422A-9479-1174498B224C}.Debug|Any CPU.ActiveCfg = Debug|Any CPU
		{87F18938-A1E1-422A-9479-1174498B224C}.Debug|Any CPU.Build.0 = Debug|Any CPU
		{87F18938-A1E1-422A-9479-1174498B224C}.Release|Any CPU.ActiveCfg = Release|Any CPU
		{87F18938-A1E1-422A-9479-1174498B224C}.Release|Any CPU.Build.0 = Release|Any CPU
		{9D9E7E44-C8D2-4442-8D39-60129B1D77AA}.Debug|Any CPU.ActiveCfg = Debug|Any CPU
		{9D9E7E44-C8D2-4442-8D39-60129B1D77AA}.Debug|Any CPU.Build.0 = Debug|Any CPU
		{9D9E7E44-C8D2-4442-8D39-60129B1D77AA}.Release|Any CPU.ActiveCfg = Release|Any CPU
		{9D9E7E44-C8D2-4442-8D39-60129B1D77AA}.Release|Any CPU.Build.0 = Release|Any CPU
		{2E03FFEF-5CED-4B94-9D25-166905B79211}.Debug|Any CPU.ActiveCfg = Debug|Any CPU
		{2E03FFEF-5CED-4B94-9D25-166905B79211}.Debug|Any CPU.Build.0 = Debug|Any CPU
		{2E03FFEF-5CED-4B94-9D25-166905B79211}.Release|Any CPU.ActiveCfg = Release|Any CPU
		{2E03FFEF-5CED-4B94-9D25-166905B79211}.Release|Any CPU.Build.0 = Release|Any CPU
		{F0337C29-EA05-4E56-943D-903BC71C53EE}.Debug|Any CPU.ActiveCfg = Debug|Any CPU
		{F0337C29-EA05-4E56-943D-903BC71C53EE}.Debug|Any CPU.Build.0 = Debug|Any CPU
		{F0337C29-EA05-4E56-943D-903BC71C53EE}.Release|Any CPU.ActiveCfg = Release|Any CPU
		{F0337C29-EA05-4E56-943D-903BC71C53EE}.Release|Any CPU.Build.0 = Release|Any CPU
		{8DF79C56-6418-417D-82BA-EC19E116ABAF}.Debug|Any CPU.ActiveCfg = Debug|Any CPU
		{8DF79C56-6418-417D-82BA-EC19E116ABAF}.Debug|Any CPU.Build.0 = Debug|Any CPU
		{8DF79C56-6418-417D-82BA-EC19E116ABAF}.Release|Any CPU.ActiveCfg = Release|Any CPU
		{8DF79C56-6418-417D-82BA-EC19E116ABAF}.Release|Any CPU.Build.0 = Release|Any CPU
		{6B03BC3C-7F61-46B2-B13A-C8185D342070}.Debug|Any CPU.ActiveCfg = Debug|Any CPU
		{6B03BC3C-7F61-46B2-B13A-C8185D342070}.Debug|Any CPU.Build.0 = Debug|Any CPU
		{6B03BC3C-7F61-46B2-B13A-C8185D342070}.Release|Any CPU.ActiveCfg = Release|Any CPU
		{6B03BC3C-7F61-46B2-B13A-C8185D342070}.Release|Any CPU.Build.0 = Release|Any CPU
		{86532C42-CB83-4649-A1FD-DE99EFC12EF4}.Debug|Any CPU.ActiveCfg = Debug|Any CPU
		{86532C42-CB83-4649-A1FD-DE99EFC12EF4}.Debug|Any CPU.Build.0 = Debug|Any CPU
		{86532C42-CB83-4649-A1FD-DE99EFC12EF4}.Release|Any CPU.ActiveCfg = Release|Any CPU
		{86532C42-CB83-4649-A1FD-DE99EFC12EF4}.Release|Any CPU.Build.0 = Release|Any CPU
	EndGlobalSection
	GlobalSection(NestedProjects) = preSolution
		{2A8733F1-40AA-41F8-9390-9D53E75FBED1} = {50B7F041-B907-4FEA-B0DF-6845D0E06648}
		{3F01985E-B5EC-4676-9F07-19B47E2FF5ED} = {50B7F041-B907-4FEA-B0DF-6845D0E06648}
		{AFD216B1-BDCF-4DBD-8DD7-6D6D11806EB2} = {50B7F041-B907-4FEA-B0DF-6845D0E06648}
		{E4112BCA-D846-4985-B2B7-A4DAB9C5FE5F} = {50B7F041-B907-4FEA-B0DF-6845D0E06648}
		{C738A4F7-760A-4119-A305-16B7195275D5} = {B1E2C939-A120-4833-97E9-DF821D857C23}
		{6AD446DE-C6D6-48D9-8591-5A5D30A537DA} = {B1E2C939-A120-4833-97E9-DF821D857C23}
		{BFFEA567-9D7E-4AB1-BFD6-37410BB3F03C} = {B1E2C939-A120-4833-97E9-DF821D857C23}
		{6AF36CD4-FADA-4494-B4F8-DFC14F654C96} = {B1E2C939-A120-4833-97E9-DF821D857C23}
		{8DF23659-1A5E-40F0-96C9-63A463892660} = {2C673C12-0887-4E0A-98AD-BDF127C71AB4}
		{C5EB2057-55A2-40CB-9193-93289884C3DF} = {2C673C12-0887-4E0A-98AD-BDF127C71AB4}
		{F50792D1-1792-4AC2-B19F-160BC7E4B788} = {2C673C12-0887-4E0A-98AD-BDF127C71AB4}
		{30FD78E6-C740-4E27-BA19-2D4C4991AD52} = {2C673C12-0887-4E0A-98AD-BDF127C71AB4}
		{0B3C6E63-4294-43C3-8C22-C52FF10D2799} = {544ED999-AE22-4E4A-BDA2-515CDF068079}
		{4AB1D347-7BF6-4F4F-9372-BC7D71932B9A} = {544ED999-AE22-4E4A-BDA2-515CDF068079}
		{5E544088-7189-434D-8860-453EB0CF05C9} = {544ED999-AE22-4E4A-BDA2-515CDF068079}
		{6E563E46-0D57-4682-BB47-A8EF16A35DE4} = {544ED999-AE22-4E4A-BDA2-515CDF068079}
		{44A341F2-3EBA-4F1A-BC49-D7AD2724707B} = {8C0E94B5-04FA-43BC-9E3F-234391A37F72}
		{11ADCCCF-0F94-4CBF-AC11-19B6AAF461DA} = {8C0E94B5-04FA-43BC-9E3F-234391A37F72}
		{12F89ECF-76A4-4F7D-A8E0-B07526AE491F} = {8C0E94B5-04FA-43BC-9E3F-234391A37F72}
		{A22C2278-97FB-43C2-9EEE-754CF094FD93} = {3B3C8F3A-DA15-49F0-B14E-5237AFBB6645}
		{F9490F3A-661C-4243-A581-668DF27B6FAC} = {8C0E94B5-04FA-43BC-9E3F-234391A37F72}
		{AC7CF437-F416-44F0-9572-EB6349A103D6} = {3B3C8F3A-DA15-49F0-B14E-5237AFBB6645}
		{2AD88B5D-D9A3-45A3-9F9A-D6126EC31BDB} = {3B3C8F3A-DA15-49F0-B14E-5237AFBB6645}
		{42288326-A7D7-4223-B334-FE1390C9C3C6} = {3B3C8F3A-DA15-49F0-B14E-5237AFBB6645}
		{50481B22-B321-4C89-9F6F-056FAC821088} = {AFC32317-DA21-48ED-BF46-1A99F2AC1032}
		{87F18938-A1E1-422A-9479-1174498B224C} = {AFC32317-DA21-48ED-BF46-1A99F2AC1032}
		{9D9E7E44-C8D2-4442-8D39-60129B1D77AA} = {AFC32317-DA21-48ED-BF46-1A99F2AC1032}
		{2E03FFEF-5CED-4B94-9D25-166905B79211} = {AFC32317-DA21-48ED-BF46-1A99F2AC1032}
		{F0337C29-EA05-4E56-943D-903BC71C53EE} = {67477831-AFD5-4939-B0A8-C320CAFBB515}
		{8DF79C56-6418-417D-82BA-EC19E116ABAF} = {67477831-AFD5-4939-B0A8-C320CAFBB515}
		{6B03BC3C-7F61-46B2-B13A-C8185D342070} = {67477831-AFD5-4939-B0A8-C320CAFBB515}
		{86532C42-CB83-4649-A1FD-DE99EFC12EF4} = {67477831-AFD5-4939-B0A8-C320CAFBB515}
	EndGlobalSection
EndGlobal
